// !$*UTF8*$!
{
	archiveVersion = 1;
	classes = {
	};
	objectVersion = 50;
	objects = {

/* Begin PBXBuildFile section */
		113E69AF26EBF0CA00B60C37 /* AppDelegate.swift in Sources */ = {isa = PBXBuildFile; fileRef = 113E69AE26EBF0CA00B60C37 /* AppDelegate.swift */; };
		113E69B126EBF0CA00B60C37 /* SceneDelegate.swift in Sources */ = {isa = PBXBuildFile; fileRef = 113E69B026EBF0CA00B60C37 /* SceneDelegate.swift */; };
		113E69B326EBF0CA00B60C37 /* AdviceViewController.swift in Sources */ = {isa = PBXBuildFile; fileRef = 113E69B226EBF0CA00B60C37 /* AdviceViewController.swift */; };
		113E69B626EBF0CA00B60C37 /* Main.storyboard in Resources */ = {isa = PBXBuildFile; fileRef = 113E69B426EBF0CA00B60C37 /* Main.storyboard */; };
		113E69B826EBF0CC00B60C37 /* Assets.xcassets in Resources */ = {isa = PBXBuildFile; fileRef = 113E69B726EBF0CC00B60C37 /* Assets.xcassets */; };
		113E69BB26EBF0CC00B60C37 /* LaunchScreen.storyboard in Resources */ = {isa = PBXBuildFile; fileRef = 113E69B926EBF0CC00B60C37 /* LaunchScreen.storyboard */; };
		113E69C626EBF0CD00B60C37 /* Your_AdviceTests.swift in Sources */ = {isa = PBXBuildFile; fileRef = 113E69C526EBF0CD00B60C37 /* Your_AdviceTests.swift */; };
		113E69D126EBF0CD00B60C37 /* Your_AdviceUITests.swift in Sources */ = {isa = PBXBuildFile; fileRef = 113E69D026EBF0CD00B60C37 /* Your_AdviceUITests.swift */; };
		113E69E526EBF17F00B60C37 /* Slip.swift in Sources */ = {isa = PBXBuildFile; fileRef = 113E69E426EBF17F00B60C37 /* Slip.swift */; };
/* End PBXBuildFile section */

/* Begin PBXContainerItemProxy section */
		113E69C226EBF0CD00B60C37 /* PBXContainerItemProxy */ = {
			isa = PBXContainerItemProxy;
			containerPortal = 113E69A326EBF0CA00B60C37 /* Project object */;
			proxyType = 1;
			remoteGlobalIDString = 113E69AA26EBF0CA00B60C37;
			remoteInfo = "Your Advice";
		};
		113E69CD26EBF0CD00B60C37 /* PBXContainerItemProxy */ = {
			isa = PBXContainerItemProxy;
			containerPortal = 113E69A326EBF0CA00B60C37 /* Project object */;
			proxyType = 1;
			remoteGlobalIDString = 113E69AA26EBF0CA00B60C37;
			remoteInfo = "Your Advice";
		};
/* End PBXContainerItemProxy section */

/* Begin PBXFileReference section */
		113E69AB26EBF0CA00B60C37 /* Your Advice.app */ = {isa = PBXFileReference; explicitFileType = wrapper.application; includeInIndex = 0; path = "Your Advice.app"; sourceTree = BUILT_PRODUCTS_DIR; };
		113E69AE26EBF0CA00B60C37 /* AppDelegate.swift */ = {isa = PBXFileReference; lastKnownFileType = sourcecode.swift; path = AppDelegate.swift; sourceTree = "<group>"; };
		113E69B026EBF0CA00B60C37 /* SceneDelegate.swift */ = {isa = PBXFileReference; lastKnownFileType = sourcecode.swift; path = SceneDelegate.swift; sourceTree = "<group>"; };
		113E69B226EBF0CA00B60C37 /* AdviceViewController.swift */ = {isa = PBXFileReference; lastKnownFileType = sourcecode.swift; path = AdviceViewController.swift; sourceTree = "<group>"; };
		113E69B526EBF0CA00B60C37 /* Base */ = {isa = PBXFileReference; lastKnownFileType = file.storyboard; name = Base; path = Base.lproj/Main.storyboard; sourceTree = "<group>"; };
		113E69B726EBF0CC00B60C37 /* Assets.xcassets */ = {isa = PBXFileReference; lastKnownFileType = folder.assetcatalog; path = Assets.xcassets; sourceTree = "<group>"; };
		113E69BA26EBF0CC00B60C37 /* Base */ = {isa = PBXFileReference; lastKnownFileType = file.storyboard; name = Base; path = Base.lproj/LaunchScreen.storyboard; sourceTree = "<group>"; };
		113E69BC26EBF0CC00B60C37 /* Info.plist */ = {isa = PBXFileReference; lastKnownFileType = text.plist.xml; path = Info.plist; sourceTree = "<group>"; };
		113E69C126EBF0CD00B60C37 /* Your AdviceTests.xctest */ = {isa = PBXFileReference; explicitFileType = wrapper.cfbundle; includeInIndex = 0; path = "Your AdviceTests.xctest"; sourceTree = BUILT_PRODUCTS_DIR; };
		113E69C526EBF0CD00B60C37 /* Your_AdviceTests.swift */ = {isa = PBXFileReference; lastKnownFileType = sourcecode.swift; path = Your_AdviceTests.swift; sourceTree = "<group>"; };
		113E69C726EBF0CD00B60C37 /* Info.plist */ = {isa = PBXFileReference; lastKnownFileType = text.plist.xml; path = Info.plist; sourceTree = "<group>"; };
		113E69CC26EBF0CD00B60C37 /* Your AdviceUITests.xctest */ = {isa = PBXFileReference; explicitFileType = wrapper.cfbundle; includeInIndex = 0; path = "Your AdviceUITests.xctest"; sourceTree = BUILT_PRODUCTS_DIR; };
		113E69D026EBF0CD00B60C37 /* Your_AdviceUITests.swift */ = {isa = PBXFileReference; lastKnownFileType = sourcecode.swift; path = Your_AdviceUITests.swift; sourceTree = "<group>"; };
		113E69D226EBF0CD00B60C37 /* Info.plist */ = {isa = PBXFileReference; lastKnownFileType = text.plist.xml; path = Info.plist; sourceTree = "<group>"; };
		113E69E426EBF17F00B60C37 /* Slip.swift */ = {isa = PBXFileReference; lastKnownFileType = sourcecode.swift; path = Slip.swift; sourceTree = "<group>"; };
/* End PBXFileReference section */

/* Begin PBXFrameworksBuildPhase section */
		113E69A826EBF0CA00B60C37 /* Frameworks */ = {
			isa = PBXFrameworksBuildPhase;
			buildActionMask = 2147483647;
			files = (
			);
			runOnlyForDeploymentPostprocessing = 0;
		};
		113E69BE26EBF0CD00B60C37 /* Frameworks */ = {
			isa = PBXFrameworksBuildPhase;
			buildActionMask = 2147483647;
			files = (
			);
			runOnlyForDeploymentPostprocessing = 0;
		};
		113E69C926EBF0CD00B60C37 /* Frameworks */ = {
			isa = PBXFrameworksBuildPhase;
			buildActionMask = 2147483647;
			files = (
			);
			runOnlyForDeploymentPostprocessing = 0;
		};
/* End PBXFrameworksBuildPhase section */

/* Begin PBXGroup section */
		113E69A226EBF0CA00B60C37 = {
			isa = PBXGroup;
			children = (
				113E69AD26EBF0CA00B60C37 /* Your Advice */,
				113E69C426EBF0CD00B60C37 /* Your AdviceTests */,
				113E69CF26EBF0CD00B60C37 /* Your AdviceUITests */,
				113E69AC26EBF0CA00B60C37 /* Products */,
			);
			sourceTree = "<group>";
		};
		113E69AC26EBF0CA00B60C37 /* Products */ = {
			isa = PBXGroup;
			children = (
				113E69AB26EBF0CA00B60C37 /* Your Advice.app */,
				113E69C126EBF0CD00B60C37 /* Your AdviceTests.xctest */,
				113E69CC26EBF0CD00B60C37 /* Your AdviceUITests.xctest */,
			);
			name = Products;
			sourceTree = "<group>";
		};
		113E69AD26EBF0CA00B60C37 /* Your Advice */ = {
			isa = PBXGroup;
			children = (
				113E69E326EBF16000B60C37 /* Models */,
				113E69DF26EBF11100B60C37 /* Views */,
				113E69DE26EBF10400B60C37 /* Controllers */,
				113E69AE26EBF0CA00B60C37 /* AppDelegate.swift */,
				113E69B026EBF0CA00B60C37 /* SceneDelegate.swift */,
				113E69B726EBF0CC00B60C37 /* Assets.xcassets */,
				113E69BC26EBF0CC00B60C37 /* Info.plist */,
			);
			path = "Your Advice";
			sourceTree = "<group>";
		};
		113E69C426EBF0CD00B60C37 /* Your AdviceTests */ = {
			isa = PBXGroup;
			children = (
				113E69C526EBF0CD00B60C37 /* Your_AdviceTests.swift */,
				113E69C726EBF0CD00B60C37 /* Info.plist */,
			);
			path = "Your AdviceTests";
			sourceTree = "<group>";
		};
		113E69CF26EBF0CD00B60C37 /* Your AdviceUITests */ = {
			isa = PBXGroup;
			children = (
				113E69D026EBF0CD00B60C37 /* Your_AdviceUITests.swift */,
				113E69D226EBF0CD00B60C37 /* Info.plist */,
			);
			path = "Your AdviceUITests";
			sourceTree = "<group>";
		};
		113E69DE26EBF10400B60C37 /* Controllers */ = {
			isa = PBXGroup;
			children = (
				113E69B226EBF0CA00B60C37 /* AdviceViewController.swift */,
			);
			path = Controllers;
			sourceTree = "<group>";
		};
		113E69DF26EBF11100B60C37 /* Views */ = {
			isa = PBXGroup;
			children = (
				113E69B426EBF0CA00B60C37 /* Main.storyboard */,
				113E69B926EBF0CC00B60C37 /* LaunchScreen.storyboard */,
			);
			path = Views;
			sourceTree = "<group>";
		};
		113E69E326EBF16000B60C37 /* Models */ = {
			isa = PBXGroup;
			children = (
				113E69E426EBF17F00B60C37 /* Slip.swift */,
			);
			path = Models;
			sourceTree = "<group>";
		};
/* End PBXGroup section */

/* Begin PBXNativeTarget section */
		113E69AA26EBF0CA00B60C37 /* Your Advice */ = {
			isa = PBXNativeTarget;
			buildConfigurationList = 113E69D526EBF0CD00B60C37 /* Build configuration list for PBXNativeTarget "Your Advice" */;
			buildPhases = (
				113E69A726EBF0CA00B60C37 /* Sources */,
				113E69A826EBF0CA00B60C37 /* Frameworks */,
				113E69A926EBF0CA00B60C37 /* Resources */,
			);
			buildRules = (
			);
			dependencies = (
			);
			name = "Your Advice";
			productName = "Your Advice";
			productReference = 113E69AB26EBF0CA00B60C37 /* Your Advice.app */;
			productType = "com.apple.product-type.application";
		};
		113E69C026EBF0CD00B60C37 /* Your AdviceTests */ = {
			isa = PBXNativeTarget;
			buildConfigurationList = 113E69D826EBF0CD00B60C37 /* Build configuration list for PBXNativeTarget "Your AdviceTests" */;
			buildPhases = (
				113E69BD26EBF0CD00B60C37 /* Sources */,
				113E69BE26EBF0CD00B60C37 /* Frameworks */,
				113E69BF26EBF0CD00B60C37 /* Resources */,
			);
			buildRules = (
			);
			dependencies = (
				113E69C326EBF0CD00B60C37 /* PBXTargetDependency */,
			);
			name = "Your AdviceTests";
			productName = "Your AdviceTests";
			productReference = 113E69C126EBF0CD00B60C37 /* Your AdviceTests.xctest */;
			productType = "com.apple.product-type.bundle.unit-test";
		};
		113E69CB26EBF0CD00B60C37 /* Your AdviceUITests */ = {
			isa = PBXNativeTarget;
			buildConfigurationList = 113E69DB26EBF0CD00B60C37 /* Build configuration list for PBXNativeTarget "Your AdviceUITests" */;
			buildPhases = (
				113E69C826EBF0CD00B60C37 /* Sources */,
				113E69C926EBF0CD00B60C37 /* Frameworks */,
				113E69CA26EBF0CD00B60C37 /* Resources */,
			);
			buildRules = (
			);
			dependencies = (
				113E69CE26EBF0CD00B60C37 /* PBXTargetDependency */,
			);
			name = "Your AdviceUITests";
			productName = "Your AdviceUITests";
			productReference = 113E69CC26EBF0CD00B60C37 /* Your AdviceUITests.xctest */;
			productType = "com.apple.product-type.bundle.ui-testing";
		};
/* End PBXNativeTarget section */

/* Begin PBXProject section */
		113E69A326EBF0CA00B60C37 /* Project object */ = {
			isa = PBXProject;
			attributes = {
				LastSwiftUpdateCheck = 1250;
				LastUpgradeCheck = 1250;
				TargetAttributes = {
					113E69AA26EBF0CA00B60C37 = {
						CreatedOnToolsVersion = 12.5.1;
					};
					113E69C026EBF0CD00B60C37 = {
						CreatedOnToolsVersion = 12.5.1;
						TestTargetID = 113E69AA26EBF0CA00B60C37;
					};
					113E69CB26EBF0CD00B60C37 = {
						CreatedOnToolsVersion = 12.5.1;
						TestTargetID = 113E69AA26EBF0CA00B60C37;
					};
				};
			};
			buildConfigurationList = 113E69A626EBF0CA00B60C37 /* Build configuration list for PBXProject "Your Advice" */;
			compatibilityVersion = "Xcode 9.3";
			developmentRegion = en;
			hasScannedForEncodings = 0;
			knownRegions = (
				en,
				Base,
			);
			mainGroup = 113E69A226EBF0CA00B60C37;
			productRefGroup = 113E69AC26EBF0CA00B60C37 /* Products */;
			projectDirPath = "";
			projectRoot = "";
			targets = (
				113E69AA26EBF0CA00B60C37 /* Your Advice */,
				113E69C026EBF0CD00B60C37 /* Your AdviceTests */,
				113E69CB26EBF0CD00B60C37 /* Your AdviceUITests */,
			);
		};
/* End PBXProject section */

/* Begin PBXResourcesBuildPhase section */
		113E69A926EBF0CA00B60C37 /* Resources */ = {
			isa = PBXResourcesBuildPhase;
			buildActionMask = 2147483647;
			files = (
				113E69BB26EBF0CC00B60C37 /* LaunchScreen.storyboard in Resources */,
				113E69B826EBF0CC00B60C37 /* Assets.xcassets in Resources */,
				113E69B626EBF0CA00B60C37 /* Main.storyboard in Resources */,
			);
			runOnlyForDeploymentPostprocessing = 0;
		};
		113E69BF26EBF0CD00B60C37 /* Resources */ = {
			isa = PBXResourcesBuildPhase;
			buildActionMask = 2147483647;
			files = (
			);
			runOnlyForDeploymentPostprocessing = 0;
		};
		113E69CA26EBF0CD00B60C37 /* Resources */ = {
			isa = PBXResourcesBuildPhase;
			buildActionMask = 2147483647;
			files = (
			);
			runOnlyForDeploymentPostprocessing = 0;
		};
/* End PBXResourcesBuildPhase section */

/* Begin PBXSourcesBuildPhase section */
		113E69A726EBF0CA00B60C37 /* Sources */ = {
			isa = PBXSourcesBuildPhase;
			buildActionMask = 2147483647;
			files = (
				113E69B326EBF0CA00B60C37 /* AdviceViewController.swift in Sources */,
				113E69AF26EBF0CA00B60C37 /* AppDelegate.swift in Sources */,
				113E69B126EBF0CA00B60C37 /* SceneDelegate.swift in Sources */,
				113E69E526EBF17F00B60C37 /* Slip.swift in Sources */,
			);
			runOnlyForDeploymentPostprocessing = 0;
		};
		113E69BD26EBF0CD00B60C37 /* Sources */ = {
			isa = PBXSourcesBuildPhase;
			buildActionMask = 2147483647;
			files = (
				113E69C626EBF0CD00B60C37 /* Your_AdviceTests.swift in Sources */,
			);
			runOnlyForDeploymentPostprocessing = 0;
		};
		113E69C826EBF0CD00B60C37 /* Sources */ = {
			isa = PBXSourcesBuildPhase;
			buildActionMask = 2147483647;
			files = (
				113E69D126EBF0CD00B60C37 /* Your_AdviceUITests.swift in Sources */,
			);
			runOnlyForDeploymentPostprocessing = 0;
		};
/* End PBXSourcesBuildPhase section */

/* Begin PBXTargetDependency section */
		113E69C326EBF0CD00B60C37 /* PBXTargetDependency */ = {
			isa = PBXTargetDependency;
			target = 113E69AA26EBF0CA00B60C37 /* Your Advice */;
			targetProxy = 113E69C226EBF0CD00B60C37 /* PBXContainerItemProxy */;
		};
		113E69CE26EBF0CD00B60C37 /* PBXTargetDependency */ = {
			isa = PBXTargetDependency;
			target = 113E69AA26EBF0CA00B60C37 /* Your Advice */;
			targetProxy = 113E69CD26EBF0CD00B60C37 /* PBXContainerItemProxy */;
		};
/* End PBXTargetDependency section */

/* Begin PBXVariantGroup section */
		113E69B426EBF0CA00B60C37 /* Main.storyboard */ = {
			isa = PBXVariantGroup;
			children = (
				113E69B526EBF0CA00B60C37 /* Base */,
			);
			name = Main.storyboard;
			sourceTree = "<group>";
		};
		113E69B926EBF0CC00B60C37 /* LaunchScreen.storyboard */ = {
			isa = PBXVariantGroup;
			children = (
				113E69BA26EBF0CC00B60C37 /* Base */,
			);
			name = LaunchScreen.storyboard;
			sourceTree = "<group>";
		};
/* End PBXVariantGroup section */

/* Begin XCBuildConfiguration section */
		113E69D326EBF0CD00B60C37 /* Debug */ = {
			isa = XCBuildConfiguration;
			buildSettings = {
				ALWAYS_SEARCH_USER_PATHS = NO;
				CLANG_ANALYZER_NONNULL = YES;
				CLANG_ANALYZER_NUMBER_OBJECT_CONVERSION = YES_AGGRESSIVE;
				CLANG_CXX_LANGUAGE_STANDARD = "gnu++14";
				CLANG_CXX_LIBRARY = "libc++";
				CLANG_ENABLE_MODULES = YES;
				CLANG_ENABLE_OBJC_ARC = YES;
				CLANG_ENABLE_OBJC_WEAK = YES;
				CLANG_WARN_BLOCK_CAPTURE_AUTORELEASING = YES;
				CLANG_WARN_BOOL_CONVERSION = YES;
				CLANG_WARN_COMMA = YES;
				CLANG_WARN_CONSTANT_CONVERSION = YES;
				CLANG_WARN_DEPRECATED_OBJC_IMPLEMENTATIONS = YES;
				CLANG_WARN_DIRECT_OBJC_ISA_USAGE = YES_ERROR;
				CLANG_WARN_DOCUMENTATION_COMMENTS = YES;
				CLANG_WARN_EMPTY_BODY = YES;
				CLANG_WARN_ENUM_CONVERSION = YES;
				CLANG_WARN_INFINITE_RECURSION = YES;
				CLANG_WARN_INT_CONVERSION = YES;
				CLANG_WARN_NON_LITERAL_NULL_CONVERSION = YES;
				CLANG_WARN_OBJC_IMPLICIT_RETAIN_SELF = YES;
				CLANG_WARN_OBJC_LITERAL_CONVERSION = YES;
				CLANG_WARN_OBJC_ROOT_CLASS = YES_ERROR;
				CLANG_WARN_QUOTED_INCLUDE_IN_FRAMEWORK_HEADER = YES;
				CLANG_WARN_RANGE_LOOP_ANALYSIS = YES;
				CLANG_WARN_STRICT_PROTOTYPES = YES;
				CLANG_WARN_SUSPICIOUS_MOVE = YES;
				CLANG_WARN_UNGUARDED_AVAILABILITY = YES_AGGRESSIVE;
				CLANG_WARN_UNREACHABLE_CODE = YES;
				CLANG_WARN__DUPLICATE_METHOD_MATCH = YES;
				COPY_PHASE_STRIP = NO;
				DEBUG_INFORMATION_FORMAT = dwarf;
				ENABLE_STRICT_OBJC_MSGSEND = YES;
				ENABLE_TESTABILITY = YES;
				GCC_C_LANGUAGE_STANDARD = gnu11;
				GCC_DYNAMIC_NO_PIC = NO;
				GCC_NO_COMMON_BLOCKS = YES;
				GCC_OPTIMIZATION_LEVEL = 0;
				GCC_PREPROCESSOR_DEFINITIONS = (
					"DEBUG=1",
					"$(inherited)",
				);
				GCC_WARN_64_TO_32_BIT_CONVERSION = YES;
				GCC_WARN_ABOUT_RETURN_TYPE = YES_ERROR;
				GCC_WARN_UNDECLARED_SELECTOR = YES;
				GCC_WARN_UNINITIALIZED_AUTOS = YES_AGGRESSIVE;
				GCC_WARN_UNUSED_FUNCTION = YES;
				GCC_WARN_UNUSED_VARIABLE = YES;
				IPHONEOS_DEPLOYMENT_TARGET = 14.5;
				MTL_ENABLE_DEBUG_INFO = INCLUDE_SOURCE;
				MTL_FAST_MATH = YES;
				ONLY_ACTIVE_ARCH = YES;
				SDKROOT = iphoneos;
				SWIFT_ACTIVE_COMPILATION_CONDITIONS = DEBUG;
				SWIFT_OPTIMIZATION_LEVEL = "-Onone";
			};
			name = Debug;
		};
		113E69D426EBF0CD00B60C37 /* Release */ = {
			isa = XCBuildConfiguration;
			buildSettings = {
				ALWAYS_SEARCH_USER_PATHS = NO;
				CLANG_ANALYZER_NONNULL = YES;
				CLANG_ANALYZER_NUMBER_OBJECT_CONVERSION = YES_AGGRESSIVE;
				CLANG_CXX_LANGUAGE_STANDARD = "gnu++14";
				CLANG_CXX_LIBRARY = "libc++";
				CLANG_ENABLE_MODULES = YES;
				CLANG_ENABLE_OBJC_ARC = YES;
				CLANG_ENABLE_OBJC_WEAK = YES;
				CLANG_WARN_BLOCK_CAPTURE_AUTORELEASING = YES;
				CLANG_WARN_BOOL_CONVERSION = YES;
				CLANG_WARN_COMMA = YES;
				CLANG_WARN_CONSTANT_CONVERSION = YES;
				CLANG_WARN_DEPRECATED_OBJC_IMPLEMENTATIONS = YES;
				CLANG_WARN_DIRECT_OBJC_ISA_USAGE = YES_ERROR;
				CLANG_WARN_DOCUMENTATION_COMMENTS = YES;
				CLANG_WARN_EMPTY_BODY = YES;
				CLANG_WARN_ENUM_CONVERSION = YES;
				CLANG_WARN_INFINITE_RECURSION = YES;
				CLANG_WARN_INT_CONVERSION = YES;
				CLANG_WARN_NON_LITERAL_NULL_CONVERSION = YES;
				CLANG_WARN_OBJC_IMPLICIT_RETAIN_SELF = YES;
				CLANG_WARN_OBJC_LITERAL_CONVERSION = YES;
				CLANG_WARN_OBJC_ROOT_CLASS = YES_ERROR;
				CLANG_WARN_QUOTED_INCLUDE_IN_FRAMEWORK_HEADER = YES;
				CLANG_WARN_RANGE_LOOP_ANALYSIS = YES;
				CLANG_WARN_STRICT_PROTOTYPES = YES;
				CLANG_WARN_SUSPICIOUS_MOVE = YES;
				CLANG_WARN_UNGUARDED_AVAILABILITY = YES_AGGRESSIVE;
				CLANG_WARN_UNREACHABLE_CODE = YES;
				CLANG_WARN__DUPLICATE_METHOD_MATCH = YES;
				COPY_PHASE_STRIP = NO;
				DEBUG_INFORMATION_FORMAT = "dwarf-with-dsym";
				ENABLE_NS_ASSERTIONS = NO;
				ENABLE_STRICT_OBJC_MSGSEND = YES;
				GCC_C_LANGUAGE_STANDARD = gnu11;
				GCC_NO_COMMON_BLOCKS = YES;
				GCC_WARN_64_TO_32_BIT_CONVERSION = YES;
				GCC_WARN_ABOUT_RETURN_TYPE = YES_ERROR;
				GCC_WARN_UNDECLARED_SELECTOR = YES;
				GCC_WARN_UNINITIALIZED_AUTOS = YES_AGGRESSIVE;
				GCC_WARN_UNUSED_FUNCTION = YES;
				GCC_WARN_UNUSED_VARIABLE = YES;
				IPHONEOS_DEPLOYMENT_TARGET = 14.5;
				MTL_ENABLE_DEBUG_INFO = NO;
				MTL_FAST_MATH = YES;
				SDKROOT = iphoneos;
				SWIFT_COMPILATION_MODE = wholemodule;
				SWIFT_OPTIMIZATION_LEVEL = "-O";
				VALIDATE_PRODUCT = YES;
			};
			name = Release;
		};
		113E69D626EBF0CD00B60C37 /* Debug */ = {
			isa = XCBuildConfiguration;
			buildSettings = {
				ASSETCATALOG_COMPILER_APPICON_NAME = AppIcon;
				ASSETCATALOG_COMPILER_GLOBAL_ACCENT_COLOR_NAME = AccentColor;
				CODE_SIGN_STYLE = Automatic;
				DEVELOPMENT_TEAM = BAC889C4V8;
				INFOPLIST_FILE = "Your Advice/Info.plist";
				LD_RUNPATH_SEARCH_PATHS = (
					"$(inherited)",
					"@executable_path/Frameworks",
				);
				PRODUCT_BUNDLE_IDENTIFIER = "com.thedevdesigner.Your-Advice";
				PRODUCT_NAME = "$(TARGET_NAME)";
				SWIFT_VERSION = 5.0;
				TARGETED_DEVICE_FAMILY = "1,2";
			};
			name = Debug;
		};
		113E69D726EBF0CD00B60C37 /* Release */ = {
			isa = XCBuildConfiguration;
			buildSettings = {
				ASSETCATALOG_COMPILER_APPICON_NAME = AppIcon;
				ASSETCATALOG_COMPILER_GLOBAL_ACCENT_COLOR_NAME = AccentColor;
				CODE_SIGN_STYLE = Automatic;
				DEVELOPMENT_TEAM = BAC889C4V8;
				INFOPLIST_FILE = "Your Advice/Info.plist";
				LD_RUNPATH_SEARCH_PATHS = (
					"$(inherited)",
					"@executable_path/Frameworks",
				);
				PRODUCT_BUNDLE_IDENTIFIER = "com.thedevdesigner.Your-Advice";
				PRODUCT_NAME = "$(TARGET_NAME)";
				SWIFT_VERSION = 5.0;
				TARGETED_DEVICE_FAMILY = "1,2";
			};
			name = Release;
		};
		113E69D926EBF0CD00B60C37 /* Debug */ = {
			isa = XCBuildConfiguration;
			buildSettings = {
				ALWAYS_EMBED_SWIFT_STANDARD_LIBRARIES = YES;
				BUNDLE_LOADER = "$(TEST_HOST)";
				CODE_SIGN_STYLE = Automatic;
				DEVELOPMENT_TEAM = BAC889C4V8;
				INFOPLIST_FILE = "Your AdviceTests/Info.plist";
				IPHONEOS_DEPLOYMENT_TARGET = 14.5;
				LD_RUNPATH_SEARCH_PATHS = (
					"$(inherited)",
					"@executable_path/Frameworks",
					"@loader_path/Frameworks",
				);
				PRODUCT_BUNDLE_IDENTIFIER = "com.thedevdesigner.Your-AdviceTests";
				PRODUCT_NAME = "$(TARGET_NAME)";
				SWIFT_VERSION = 5.0;
				TARGETED_DEVICE_FAMILY = "1,2";
				TEST_HOST = "$(BUILT_PRODUCTS_DIR)/Your Advice.app/Your Advice";
			};
			name = Debug;
		};
		113E69DA26EBF0CD00B60C37 /* Release */ = {
			isa = XCBuildConfiguration;
			buildSettings = {
				ALWAYS_EMBED_SWIFT_STANDARD_LIBRARIES = YES;
				BUNDLE_LOADER = "$(TEST_HOST)";
				CODE_SIGN_STYLE = Automatic;
				DEVELOPMENT_TEAM = BAC889C4V8;
				INFOPLIST_FILE = "Your AdviceTests/Info.plist";
				IPHONEOS_DEPLOYMENT_TARGET = 14.5;
				LD_RUNPATH_SEARCH_PATHS = (
					"$(inherited)",
					"@executable_path/Frameworks",
					"@loader_path/Frameworks",
				);
				PRODUCT_BUNDLE_IDENTIFIER = "com.thedevdesigner.Your-AdviceTests";
				PRODUCT_NAME = "$(TARGET_NAME)";
				SWIFT_VERSION = 5.0;
				TARGETED_DEVICE_FAMILY = "1,2";
				TEST_HOST = "$(BUILT_PRODUCTS_DIR)/Your Advice.app/Your Advice";
			};
			name = Release;
		};
		113E69DC26EBF0CD00B60C37 /* Debug */ = {
			isa = XCBuildConfiguration;
			buildSettings = {
				ALWAYS_EMBED_SWIFT_STANDARD_LIBRARIES = YES;
				CODE_SIGN_STYLE = Automatic;
				DEVELOPMENT_TEAM = BAC889C4V8;
				INFOPLIST_FILE = "Your AdviceUITests/Info.plist";
				LD_RUNPATH_SEARCH_PATHS = (
					"$(inherited)",
					"@executable_path/Frameworks",
					"@loader_path/Frameworks",
				);
				PRODUCT_BUNDLE_IDENTIFIER = "com.thedevdesigner.Your-AdviceUITests";
				PRODUCT_NAME = "$(TARGET_NAME)";
				SWIFT_VERSION = 5.0;
				TARGETED_DEVICE_FAMILY = "1,2";
				TEST_TARGET_NAME = "Your Advice";
			};
			name = Debug;
		};
		113E69DD26EBF0CD00B60C37 /* Release */ = {
			isa = XCBuildConfiguration;
			buildSettings = {
				ALWAYS_EMBED_SWIFT_STANDARD_LIBRARIES = YES;
				CODE_SIGN_STYLE = Automatic;
				DEVELOPMENT_TEAM = BAC889C4V8;
				INFOPLIST_FILE = "Your AdviceUITests/Info.plist";
				LD_RUNPATH_SEARCH_PATHS = (
					"$(inherited)",
					"@executable_path/Frameworks",
					"@loader_path/Frameworks",
				);
				PRODUCT_BUNDLE_IDENTIFIER = "com.thedevdesigner.Your-AdviceUITests";
				PRODUCT_NAME = "$(TARGET_NAME)";
				SWIFT_VERSION = 5.0;
				TARGETED_DEVICE_FAMILY = "1,2";
				TEST_TARGET_NAME = "Your Advice";
			};
			name = Release;
		};
/* End XCBuildConfiguration section */

/* Begin XCConfigurationList section */
		113E69A626EBF0CA00B60C37 /* Build configuration list for PBXProject "Your Advice" */ = {
			isa = XCConfigurationList;
			buildConfigurations = (
				113E69D326EBF0CD00B60C37 /* Debug */,
				113E69D426EBF0CD00B60C37 /* Release */,
			);
			defaultConfigurationIsVisible = 0;
			defaultConfigurationName = Release;
		};
		113E69D526EBF0CD00B60C37 /* Build configuration list for PBXNativeTarget "Your Advice" */ = {
			isa = XCConfigurationList;
			buildConfigurations = (
				113E69D626EBF0CD00B60C37 /* Debug */,
				113E69D726EBF0CD00B60C37 /* Release */,
			);
			defaultConfigurationIsVisible = 0;
			defaultConfigurationName = Release;
		};
		113E69D826EBF0CD00B60C37 /* Build configuration list for PBXNativeTarget "Your AdviceTests" */ = {
			isa = XCConfigurationList;
			buildConfigurations = (
				113E69D926EBF0CD00B60C37 /* Debug */,
				113E69DA26EBF0CD00B60C37 /* Release */,
			);
			defaultConfigurationIsVisible = 0;
			defaultConfigurationName = Release;
		};
		113E69DB26EBF0CD00B60C37 /* Build configuration list for PBXNativeTarget "Your AdviceUITests" */ = {
			isa = XCConfigurationList;
			buildConfigurations = (
				113E69DC26EBF0CD00B60C37 /* Debug */,
				113E69DD26EBF0CD00B60C37 /* Release */,
			);
			defaultConfigurationIsVisible = 0;
			defaultConfigurationName = Release;
		};
/* End XCConfigurationList section */
	};
	rootObject = 113E69A326EBF0CA00B60C37 /* Project object */;
}
